{
  "name": "niactyl-server",
  "version": "1.0.0",
  "lockfileVersion": 2,
  "requires": true,
  "packages": {
    "": {
      "name": "niactyl-server",
      "version": "1.0.0",
      "dependencies": {
        "fastify": "^4.27.0",
        "@fastify/static": "^6.11.0",
        "@fastify/cors": "^8.6.0",
        "@fastify/cookie": "^8.4.0",
        "@fastify/session": "^9.2.0",
        "@fastify/oauth2": "^7.3.0",
        "node-fetch": "^3.3.3",
        "yaml": "^2.5.0"
      }
    }
  }
}
